{
  "version": 4,
  "terraform_version": "1.9.6",
  "serial": 205,
  "lineage": "b1fef7a4-190a-e081-e798-39610409cee2",
  "outputs": {
    "container_app_url": {
      "value": "app1--v75np13.icypebble-9dea7e79.eastus.azurecontainerapps.io",
      "type": "string"
    }
  },
  "resources": [
    {
      "module": "module.container_app",
      "mode": "managed",
      "type": "azurerm_container_app",
      "name": "main",
      "provider": "provider[\"registry.terraform.io/hashicorp/azurerm\"]",
      "instances": [
        {
          "schema_version": 0,
          "attributes": {
            "container_app_environment_id": "/subscriptions/4262cbc1-95ba-4586-943d-7570b5952c3b/resourceGroups/myResourceGroup/providers/Microsoft.App/managedEnvironments/myenvironment",
            "custom_domain_verification_id": "AB421EB4B615EAC7C669C9EFA21A55423B119772F1FDF88392385B07F12ECCDE",
            "dapr": [],
            "id": "/subscriptions/4262cbc1-95ba-4586-943d-7570b5952c3b/resourceGroups/myResourceGroup/providers/Microsoft.App/containerApps/app1",
            "identity": [],
            "ingress": [
              {
                "allow_insecure_connections": false,
                "custom_domain": [],
                "exposed_port": 0,
                "external_enabled": true,
                "fqdn": "app1.icypebble-9dea7e79.eastus.azurecontainerapps.io",
                "ip_security_restriction": [],
                "target_port": 80,
                "traffic_weight": [
                  {
                    "label": "default",
                    "latest_revision": true,
                    "percentage": 100,
                    "revision_suffix": ""
                  }
                ],
                "transport": "auto"
              }
            ],
            "latest_revision_fqdn": "app1--v75np13.icypebble-9dea7e79.eastus.azurecontainerapps.io",
            "latest_revision_name": "app1--v75np13",
            "location": "eastus",
            "max_inactive_revisions": 0,
            "name": "app1",
            "outbound_ip_addresses": [
              "57.151.35.116"
            ],
            "registry": [],
            "resource_group_name": "myResourceGroup",
            "revision_mode": "Single",
            "secret": [],
            "tags": null,
            "template": [
              {
                "azure_queue_scale_rule": [],
                "container": [
                  {
                    "args": null,
                    "command": null,
                    "cpu": 0.5,
                    "env": [
                      {
                        "name": "PORT",
                        "secret_name": "",
                        "value": "80"
                      }
                    ],
                    "ephemeral_storage": "2Gi",
                    "image": "mcr.microsoft.com/azuredocs/aci-helloworld",
                    "liveness_probe": [],
                    "memory": "1Gi",
                    "name": "frontend",
                    "readiness_probe": [],
                    "startup_probe": [],
                    "volume_mounts": []
                  }
                ],
                "custom_scale_rule": [],
                "http_scale_rule": [],
                "init_container": [],
                "max_replicas": 10,
                "min_replicas": 0,
                "revision_suffix": "",
                "tcp_scale_rule": [],
                "volume": []
              }
            ],
            "timeouts": null,
            "workload_profile_name": ""
          },
          "sensitive_attributes": [
            [
              {
                "type": "get_attr",
                "value": "custom_domain_verification_id"
              }
            ]
          ],
          "private": "eyJlMmJmYjczMC1lY2FhLTExZTYtOGY4OC0zNDM2M2JjN2M0YzAiOnsiY3JlYXRlIjoxODAwMDAwMDAwMDAwLCJkZWxldGUiOjE4MDAwMDAwMDAwMDAsInJlYWQiOjMwMDAwMDAwMDAwMCwidXBkYXRlIjoxODAwMDAwMDAwMDAwfX0=",
          "dependencies": [
            "module.container_app_environment.azurerm_container_app_environment.main",
            "module.resource_group.azurerm_resource_group.main"
          ]
        }
      ]
    },
    {
      "module": "module.container_app_environment",
      "mode": "managed",
      "type": "azurerm_container_app_environment",
      "name": "main",
      "provider": "provider[\"registry.terraform.io/hashicorp/azurerm\"]",
      "instances": [
        {
          "schema_version": 0,
          "attributes": {
            "custom_domain_verification_id": "AB421EB4B615EAC7C669C9EFA21A55423B119772F1FDF88392385B07F12ECCDE",
            "dapr_application_insights_connection_string": "",
            "default_domain": "icypebble-9dea7e79.eastus.azurecontainerapps.io",
            "docker_bridge_cidr": "",
            "id": "/subscriptions/4262cbc1-95ba-4586-943d-7570b5952c3b/resourceGroups/myResourceGroup/providers/Microsoft.App/managedEnvironments/myenvironment",
            "infrastructure_resource_group_name": "",
            "infrastructure_subnet_id": "",
            "internal_load_balancer_enabled": false,
            "location": "eastus",
            "log_analytics_workspace_id": "",
            "mutual_tls_enabled": false,
            "name": "myenvironment",
            "platform_reserved_cidr": "",
            "platform_reserved_dns_ip_address": "",
            "resource_group_name": "myResourceGroup",
            "static_ip_address": "135.234.185.64",
            "tags": null,
            "timeouts": null,
            "workload_profile": [],
            "zone_redundancy_enabled": false
          },
          "sensitive_attributes": [
            [
              {
                "type": "get_attr",
                "value": "dapr_application_insights_connection_string"
              }
            ]
          ],
          "private": "eyJlMmJmYjczMC1lY2FhLTExZTYtOGY4OC0zNDM2M2JjN2M0YzAiOnsiY3JlYXRlIjoxODAwMDAwMDAwMDAwLCJkZWxldGUiOjE4MDAwMDAwMDAwMDAsInJlYWQiOjMwMDAwMDAwMDAwMCwidXBkYXRlIjoxODAwMDAwMDAwMDAwfX0=",
          "dependencies": [
            "module.resource_group.azurerm_resource_group.main"
          ]
        }
      ]
    },
    {
      "module": "module.resource_group",
      "mode": "managed",
      "type": "azurerm_resource_group",
      "name": "main",
      "provider": "provider[\"registry.terraform.io/hashicorp/azurerm\"]",
      "instances": [
        {
          "schema_version": 0,
          "attributes": {
            "id": "/subscriptions/4262cbc1-95ba-4586-943d-7570b5952c3b/resourceGroups/myResourceGroup",
            "location": "eastus",
            "managed_by": "",
            "name": "myResourceGroup",
            "tags": null,
            "timeouts": null
          },
          "sensitive_attributes": [],
          "private": "eyJlMmJmYjczMC1lY2FhLTExZTYtOGY4OC0zNDM2M2JjN2M0YzAiOnsiY3JlYXRlIjo1NDAwMDAwMDAwMDAwLCJkZWxldGUiOjU0MDAwMDAwMDAwMDAsInJlYWQiOjMwMDAwMDAwMDAwMCwidXBkYXRlIjo1NDAwMDAwMDAwMDAwfX0="
        }
      ]
    }
  ],
  "check_results": null
}
